<?xml version="1.0" encoding="utf-8"?>
<Project ToolsVersion="4.0" xmlns="http://schemas.microsoft.com/developer/msbuild/2003">
  <ItemGroup>
    <Filter Include="Form Files">
      <UniqueIdentifier>{99349809-55BA-4b9d-BF79-8FDBB0286EB3}</UniqueIdentifier>
      <Extensions>ui</Extensions>
      <ParseFiles>false</ParseFiles>
    </Filter>
    <Filter Include="Form Files">
      <UniqueIdentifier>{99349809-55BA-4b9d-BF79-8FDBB0286EB3}</UniqueIdentifier>
      <Extensions>ui</Extensions>
      <ParseFiles>false</ParseFiles>
    </Filter>
    <Filter Include="Generated Files">
      <UniqueIdentifier>{71ED8ED8-ACB9-4CE9-BBE1-E00B30144E11}</UniqueIdentifier>
      <Extensions>cpp;c;cxx;moc;h;def;odl;idl;res;</Extensions>
    </Filter>
    <Filter Include="Generated Files">
      <UniqueIdentifier>{71ED8ED8-ACB9-4CE9-BBE1-E00B30144E11}</UniqueIdentifier>
      <Extensions>cpp;c;cxx;moc;h;def;odl;idl;res;</Extensions>
    </Filter>
    <Filter Include="Header Files">
      <UniqueIdentifier>{93995380-89BD-4b04-88EB-625FBE52EBFB}</UniqueIdentifier>
      <Extensions>h;hpp;hxx;hm;inl;inc;xsd</Extensions>
    </Filter>
    <Filter Include="Header Files">
      <UniqueIdentifier>{93995380-89BD-4b04-88EB-625FBE52EBFB}</UniqueIdentifier>
      <Extensions>h;hpp;hxx;hm;inl;inc;xsd</Extensions>
    </Filter>
    <Filter Include="Resource Files">
      <UniqueIdentifier>{D9D6E242-F8AF-46E4-B9FD-80ECBC20BA3E}</UniqueIdentifier>
      <Extensions>qrc;*</Extensions>
      <ParseFiles>false</ParseFiles>
    </Filter>
    <Filter Include="Resource Files">
      <UniqueIdentifier>{D9D6E242-F8AF-46E4-B9FD-80ECBC20BA3E}</UniqueIdentifier>
      <Extensions>qrc;*</Extensions>
      <ParseFiles>false</ParseFiles>
    </Filter>
    <Filter Include="Source Files">
      <UniqueIdentifier>{4FC737F1-C7A5-4376-A066-2A32D752A2FF}</UniqueIdentifier>
      <Extensions>cpp;c;cxx;def;odl;idl;hpj;bat;asm;asmx</Extensions>
    </Filter>
    <Filter Include="Source Files">
      <UniqueIdentifier>{4FC737F1-C7A5-4376-A066-2A32D752A2FF}</UniqueIdentifier>
      <Extensions>cpp;c;cxx;def;odl;idl;hpj;bat;asm;asmx</Extensions>
    </Filter>
    <Filter Include="Distribution Files">
      <UniqueIdentifier>{B83CAF91-C7BF-462F-B76C-EA11631F866C}</UniqueIdentifier>
      <Extensions>*</Extensions>
      <ParseFiles>false</ParseFiles>
    </Filter>
    <Filter Include="Distribution Files">
      <UniqueIdentifier>{B83CAF91-C7BF-462F-B76C-EA11631F866C}</UniqueIdentifier>
      <Extensions>*</Extensions>
      <ParseFiles>false</ParseFiles>
    </Filter>
  </ItemGroup>
  <ItemGroup>
    <ClCompile Include="licensedialog.cpp">
      <Filter>Source Files</Filter>
    </ClCompile>
    <ClCompile Include="main.cpp">
      <Filter>Source Files</Filter>
    </ClCompile>
    <ClCompile Include="orbitcodeeditor.cpp">
      <Filter>Source Files</Filter>
    </ClCompile>
    <ClCompile Include="orbitdataviewpanel.cpp">
      <Filter>Source Files</Filter>
    </ClCompile>
    <ClCompile Include="orbitdiffdialog.cpp">
      <Filter>Source Files</Filter>
    </ClCompile>
    <ClCompile Include="orbitdisassemblydialog.cpp">
      <Filter>Source Files</Filter>
    </ClCompile>
    <ClCompile Include="orbitglwidget.cpp">
      <Filter>Source Files</Filter>
    </ClCompile>
    <ClCompile Include="orbitglwidgetwithheader.cpp">
      <Filter>Source Files</Filter>
    </ClCompile>
    <ClCompile Include="orbitmainwindow.cpp">
      <Filter>Source Files</Filter>
    </ClCompile>
    <ClCompile Include="orbitsamplingreport.cpp">
      <Filter>Source Files</Filter>
    </ClCompile>
    <ClCompile Include="orbittablemodel.cpp">
      <Filter>Source Files</Filter>
    </ClCompile>
    <ClCompile Include="orbittreeitem.cpp">
      <Filter>Source Files</Filter>
    </ClCompile>
    <ClCompile Include="orbittreemodel.cpp">
      <Filter>Source Files</Filter>
    </ClCompile>
    <ClCompile Include="orbittreeview.cpp">
      <Filter>Source Files</Filter>
    </ClCompile>
    <ClCompile Include="orbitvisualizer.cpp">
      <Filter>Source Files</Filter>
    </ClCompile>
    <ClCompile Include="orbitwatchwidget.cpp">
      <Filter>Source Files</Filter>
    </ClCompile>
    <ClCompile Include="outputdialog.cpp">
      <Filter>Source Files</Filter>
    </ClCompile>
    <ClCompile Include="processlauncherwidget.cpp">
      <Filter>Source Files</Filter>
    </ClCompile>
    <ClCompile Include="qtpropertybrowser\qtbuttonpropertybrowser.cpp">
      <Filter>Source Files</Filter>
    </ClCompile>
    <ClCompile Include="qtpropertybrowser\qteditorfactory.cpp">
      <Filter>Source Files</Filter>
    </ClCompile>
    <ClCompile Include="qtpropertybrowser\qtgroupboxpropertybrowser.cpp">
      <Filter>Source Files</Filter>
    </ClCompile>
    <ClCompile Include="qtpropertybrowser\qtpropertybrowser.cpp">
      <Filter>Source Files</Filter>
    </ClCompile>
    <ClCompile Include="qtpropertybrowser\qtpropertybrowserutils.cpp">
      <Filter>Source Files</Filter>
    </ClCompile>
    <ClCompile Include="qtpropertybrowser\qtpropertymanager.cpp">
      <Filter>Source Files</Filter>
    </ClCompile>
    <ClCompile Include="qtpropertybrowser\qttreepropertybrowser.cpp">
      <Filter>Source Files</Filter>
    </ClCompile>
    <ClCompile Include="qtpropertybrowser\qtvariantproperty.cpp">
      <Filter>Source Files</Filter>
    </ClCompile>
    <ClCompile Include="showincludesdialog.cpp">
      <Filter>Source Files</Filter>
    </ClCompile>
  </ItemGroup>
  <ItemGroup>
    <CustomBuild Include="licensedialog.h">
      <Filter>Header Files</Filter>
    </CustomBuild>
    <CustomBuild Include="orbitcodeeditor.h">
      <Filter>Header Files</Filter>
    </CustomBuild>
    <CustomBuild Include="orbitdataviewpanel.h">
      <Filter>Header Files</Filter>
    </CustomBuild>
    <CustomBuild Include="orbitdiffdialog.h">
      <Filter>Header Files</Filter>
    </CustomBuild>
    <CustomBuild Include="orbitdisassemblydialog.h">
      <Filter>Header Files</Filter>
    </CustomBuild>
    <CustomBuild Include="orbitglwidget.h">
      <Filter>Header Files</Filter>
    </CustomBuild>
    <CustomBuild Include="orbitglwidgetwithheader.h">
      <Filter>Header Files</Filter>
    </CustomBuild>
    <CustomBuild Include="orbitmainwindow.h">
      <Filter>Header Files</Filter>
    </CustomBuild>
    <CustomBuild Include="orbitsamplingreport.h">
      <Filter>Header Files</Filter>
    </CustomBuild>
    <CustomBuild Include="orbittablemodel.h">
      <Filter>Header Files</Filter>
    </CustomBuild>
    <ClInclude Include="orbittreeitem.h">
      <Filter>Header Files</Filter>
    </ClInclude>
    <CustomBuild Include="orbittreemodel.h">
      <Filter>Header Files</Filter>
    </CustomBuild>
    <CustomBuild Include="orbittreeview.h">
      <Filter>Header Files</Filter>
    </CustomBuild>
    <CustomBuild Include="orbitvisualizer.h">
      <Filter>Header Files</Filter>
    </CustomBuild>
    <CustomBuild Include="orbitwatchwidget.h">
      <Filter>Header Files</Filter>
    </CustomBuild>
    <CustomBuild Include="outputdialog.h">
      <Filter>Header Files</Filter>
    </CustomBuild>
    <CustomBuild Include="processlauncherwidget.h">
      <Filter>Header Files</Filter>
    </CustomBuild>
    <CustomBuild Include="qtpropertybrowser\qtbuttonpropertybrowser.h">
      <Filter>Header Files</Filter>
    </CustomBuild>
    <CustomBuild Include="qtpropertybrowser\qteditorfactory.h">
      <Filter>Header Files</Filter>
    </CustomBuild>
    <CustomBuild Include="qtpropertybrowser\qtgroupboxpropertybrowser.h">
      <Filter>Header Files</Filter>
    </CustomBuild>
    <CustomBuild Include="qtpropertybrowser\qtpropertybrowser.h">
      <Filter>Header Files</Filter>
    </CustomBuild>
    <CustomBuild Include="qtpropertybrowser\qtpropertybrowserutils_p.h">
      <Filter>Header Files</Filter>
    </CustomBuild>
    <CustomBuild Include="qtpropertybrowser\qtpropertymanager.h">
      <Filter>Header Files</Filter>
    </CustomBuild>
    <CustomBuild Include="qtpropertybrowser\qttreepropertybrowser.h">
      <Filter>Header Files</Filter>
    </CustomBuild>
    <CustomBuild Include="qtpropertybrowser\qtvariantproperty.h">
      <Filter>Header Files</Filter>
    </CustomBuild>
    <CustomBuild Include="showincludesdialog.h">
      <Filter>Header Files</Filter>
    </CustomBuild>
    <CustomBuild Include="..\OrbitQt\GeneratedFiles\debug\moc_predefs.h.cbt" />
    <CustomBuild Include="..\OrbitQt\GeneratedFiles\release\moc_predefs.h.cbt" />
    <CustomBuild Include="..\OrbitQt\GeneratedFiles\debug\qteditorfactory.moc.cbt" />
    <CustomBuild Include="..\OrbitQt\GeneratedFiles\release\qteditorfactory.moc.cbt" />
    <CustomBuild Include="..\OrbitQt\GeneratedFiles\debug\qtpropertymanager.moc.cbt" />
    <CustomBuild Include="..\OrbitQt\GeneratedFiles\release\qtpropertymanager.moc.cbt" />
    <CustomBuild Include="..\OrbitQt\GeneratedFiles\debug\qttreepropertybrowser.moc.cbt" />
    <CustomBuild Include="..\OrbitQt\GeneratedFiles\release\qttreepropertybrowser.moc.cbt" />
  </ItemGroup>
  <ItemGroup>
    <ClCompile Include="GeneratedFiles\debug\moc_licensedialog.cpp">
      <Filter>Generated Files</Filter>
    </ClCompile>
    <ClCompile Include="GeneratedFiles\release\moc_licensedialog.cpp">
      <Filter>Generated Files</Filter>
    </ClCompile>
    <ClCompile Include="GeneratedFiles\debug\moc_orbitcodeeditor.cpp">
      <Filter>Generated Files</Filter>
    </ClCompile>
    <ClCompile Include="GeneratedFiles\release\moc_orbitcodeeditor.cpp">
      <Filter>Generated Files</Filter>
    </ClCompile>
    <ClCompile Include="GeneratedFiles\debug\moc_orbitdataviewpanel.cpp">
      <Filter>Generated Files</Filter>
    </ClCompile>
    <ClCompile Include="GeneratedFiles\release\moc_orbitdataviewpanel.cpp">
      <Filter>Generated Files</Filter>
    </ClCompile>
    <ClCompile Include="GeneratedFiles\debug\moc_orbitdiffdialog.cpp">
      <Filter>Generated Files</Filter>
    </ClCompile>
    <ClCompile Include="GeneratedFiles\release\moc_orbitdiffdialog.cpp">
      <Filter>Generated Files</Filter>
    </ClCompile>
    <ClCompile Include="GeneratedFiles\debug\moc_orbitdisassemblydialog.cpp">
      <Filter>Generated Files</Filter>
    </ClCompile>
    <ClCompile Include="GeneratedFiles\release\moc_orbitdisassemblydialog.cpp">
      <Filter>Generated Files</Filter>
    </ClCompile>
    <ClCompile Include="GeneratedFiles\debug\moc_orbitglwidget.cpp">
      <Filter>Generated Files</Filter>
    </ClCompile>
    <ClCompile Include="GeneratedFiles\release\moc_orbitglwidget.cpp">
      <Filter>Generated Files</Filter>
    </ClCompile>
    <ClCompile Include="GeneratedFiles\debug\moc_orbitglwidgetwithheader.cpp">
      <Filter>Generated Files</Filter>
    </ClCompile>
    <ClCompile Include="GeneratedFiles\release\moc_orbitglwidgetwithheader.cpp">
      <Filter>Generated Files</Filter>
    </ClCompile>
    <ClCompile Include="GeneratedFiles\debug\moc_orbitmainwindow.cpp">
      <Filter>Generated Files</Filter>
    </ClCompile>
    <ClCompile Include="GeneratedFiles\release\moc_orbitmainwindow.cpp">
      <Filter>Generated Files</Filter>
    </ClCompile>
    <ClCompile Include="GeneratedFiles\debug\moc_orbitsamplingreport.cpp">
      <Filter>Generated Files</Filter>
    </ClCompile>
    <ClCompile Include="GeneratedFiles\release\moc_orbitsamplingreport.cpp">
      <Filter>Generated Files</Filter>
    </ClCompile>
    <ClCompile Include="GeneratedFiles\debug\moc_orbittablemodel.cpp">
      <Filter>Generated Files</Filter>
    </ClCompile>
    <ClCompile Include="GeneratedFiles\release\moc_orbittablemodel.cpp">
      <Filter>Generated Files</Filter>
    </ClCompile>
    <ClCompile Include="GeneratedFiles\debug\moc_orbittreemodel.cpp">
      <Filter>Generated Files</Filter>
    </ClCompile>
    <ClCompile Include="GeneratedFiles\release\moc_orbittreemodel.cpp">
      <Filter>Generated Files</Filter>
    </ClCompile>
    <ClCompile Include="GeneratedFiles\debug\moc_orbittreeview.cpp">
      <Filter>Generated Files</Filter>
    </ClCompile>
    <ClCompile Include="GeneratedFiles\release\moc_orbittreeview.cpp">
      <Filter>Generated Files</Filter>
    </ClCompile>
    <ClCompile Include="GeneratedFiles\debug\moc_orbitvisualizer.cpp">
      <Filter>Generated Files</Filter>
    </ClCompile>
    <ClCompile Include="GeneratedFiles\release\moc_orbitvisualizer.cpp">
      <Filter>Generated Files</Filter>
    </ClCompile>
    <ClCompile Include="GeneratedFiles\debug\moc_orbitwatchwidget.cpp">
      <Filter>Generated Files</Filter>
    </ClCompile>
    <ClCompile Include="GeneratedFiles\release\moc_orbitwatchwidget.cpp">
      <Filter>Generated Files</Filter>
    </ClCompile>
    <ClCompile Include="GeneratedFiles\debug\moc_outputdialog.cpp">
      <Filter>Generated Files</Filter>
    </ClCompile>
    <ClCompile Include="GeneratedFiles\release\moc_outputdialog.cpp">
      <Filter>Generated Files</Filter>
    </ClCompile>
    <ClCompile Include="GeneratedFiles\debug\moc_processlauncherwidget.cpp">
      <Filter>Generated Files</Filter>
    </ClCompile>
    <ClCompile Include="GeneratedFiles\release\moc_processlauncherwidget.cpp">
      <Filter>Generated Files</Filter>
    </ClCompile>
    <ClCompile Include="GeneratedFiles\debug\moc_qtpropertybrowserutils_p.cpp">
      <Filter>Generated Files</Filter>
    </ClCompile>
    <ClCompile Include="GeneratedFiles\release\moc_qtpropertybrowserutils_p.cpp">
      <Filter>Generated Files</Filter>
    </ClCompile>
    <ClCompile Include="GeneratedFiles\debug\moc_showincludesdialog.cpp">
      <Filter>Generated Files</Filter>
    </ClCompile>
    <ClCompile Include="GeneratedFiles\release\moc_showincludesdialog.cpp">
      <Filter>Generated Files</Filter>
    </ClCompile>
    <ClCompile Include="debug\qrc_qtpropertybrowser.cpp">
      <Filter>Generated Files</Filter>
    </ClCompile>
    <ClCompile Include="release\qrc_qtpropertybrowser.cpp">
      <Filter>Generated Files</Filter>
    </ClCompile>
    <ClInclude Include="GeneratedFiles\debug\ui_licensedialog.h">
      <Filter>Generated Files</Filter>
    </ClInclude>
    <ClInclude Include="GeneratedFiles\release\ui_licensedialog.h">
      <Filter>Generated Files</Filter>
    </ClInclude>
    <ClInclude Include="GeneratedFiles\debug\ui_orbitdataviewpanel.h">
      <Filter>Generated Files</Filter>
    </ClInclude>
    <ClInclude Include="GeneratedFiles\release\ui_orbitdataviewpanel.h">
      <Filter>Generated Files</Filter>
    </ClInclude>
    <ClInclude Include="GeneratedFiles\debug\ui_orbitdiffdialog.h">
      <Filter>Generated Files</Filter>
    </ClInclude>
    <ClInclude Include="GeneratedFiles\release\ui_orbitdiffdialog.h">
      <Filter>Generated Files</Filter>
    </ClInclude>
    <ClInclude Include="GeneratedFiles\debug\ui_orbitdisassemblydialog.h">
      <Filter>Generated Files</Filter>
    </ClInclude>
    <ClInclude Include="GeneratedFiles\release\ui_orbitdisassemblydialog.h">
      <Filter>Generated Files</Filter>
    </ClInclude>
    <ClInclude Include="GeneratedFiles\debug\ui_orbitglwidgetwithheader.h">
      <Filter>Generated Files</Filter>
    </ClInclude>
    <ClInclude Include="GeneratedFiles\release\ui_orbitglwidgetwithheader.h">
      <Filter>Generated Files</Filter>
    </ClInclude>
    <ClInclude Include="GeneratedFiles\debug\ui_orbitmainwindow.h">
      <Filter>Generated Files</Filter>
    </ClInclude>
    <ClInclude Include="GeneratedFiles\release\ui_orbitmainwindow.h">
      <Filter>Generated Files</Filter>
    </ClInclude>
    <ClInclude Include="GeneratedFiles\debug\ui_orbitsamplingreport.h">
      <Filter>Generated Files</Filter>
    </ClInclude>
    <ClInclude Include="GeneratedFiles\release\ui_orbitsamplingreport.h">
      <Filter>Generated Files</Filter>
    </ClInclude>
    <ClInclude Include="GeneratedFiles\debug\ui_orbitvisualizer.h">
      <Filter>Generated Files</Filter>
    </ClInclude>
    <ClInclude Include="GeneratedFiles\release\ui_orbitvisualizer.h">
      <Filter>Generated Files</Filter>
    </ClInclude>
    <ClInclude Include="GeneratedFiles\debug\ui_orbitwatchwidget.h">
      <Filter>Generated Files</Filter>
    </ClInclude>
    <ClInclude Include="GeneratedFiles\release\ui_orbitwatchwidget.h">
      <Filter>Generated Files</Filter>
    </ClInclude>
    <ClInclude Include="GeneratedFiles\debug\ui_outputdialog.h">
      <Filter>Generated Files</Filter>
    </ClInclude>
    <ClInclude Include="GeneratedFiles\release\ui_outputdialog.h">
      <Filter>Generated Files</Filter>
    </ClInclude>
    <ClInclude Include="GeneratedFiles\debug\ui_processlauncherwidget.h">
      <Filter>Generated Files</Filter>
    </ClInclude>
    <ClInclude Include="GeneratedFiles\release\ui_processlauncherwidget.h">
      <Filter>Generated Files</Filter>
    </ClInclude>
    <ClInclude Include="GeneratedFiles\debug\ui_showincludesdialog.h">
      <Filter>Generated Files</Filter>
    </ClInclude>
    <ClInclude Include="GeneratedFiles\release\ui_showincludesdialog.h">
      <Filter>Generated Files</Filter>
    </ClInclude>
  </ItemGroup>
  <ItemGroup>
    <CustomBuild Include="licensedialog.ui">
      <Filter>Form Files</Filter>
    </CustomBuild>
    <CustomBuild Include="orbitdataviewpanel.ui">
      <Filter>Form Files</Filter>
    </CustomBuild>
    <CustomBuild Include="orbitdiffdialog.ui">
      <Filter>Form Files</Filter>
    </CustomBuild>
    <CustomBuild Include="orbitdisassemblydialog.ui">
      <Filter>Form Files</Filter>
    </CustomBuild>
    <CustomBuild Include="orbitglwidgetwithheader.ui">
      <Filter>Form Files</Filter>
    </CustomBuild>
    <CustomBuild Include="orbitmainwindow.ui">
      <Filter>Form Files</Filter>
    </CustomBuild>
    <CustomBuild Include="orbitsamplingreport.ui">
      <Filter>Form Files</Filter>
    </CustomBuild>
    <CustomBuild Include="orbitvisualizer.ui">
      <Filter>Form Files</Filter>
    </CustomBuild>
    <CustomBuild Include="orbitwatchwidget.ui">
      <Filter>Form Files</Filter>
    </CustomBuild>
    <CustomBuild Include="outputdialog.ui">
      <Filter>Form Files</Filter>
    </CustomBuild>
    <CustomBuild Include="processlauncherwidget.ui">
      <Filter>Form Files</Filter>
    </CustomBuild>
    <CustomBuild Include="showincludesdialog.ui">
      <Filter>Form Files</Filter>
    </CustomBuild>
  </ItemGroup>
  <ItemGroup>
    <None Include="qtpropertybrowser\images\cursor-arrow.png">
      <Filter>Resource Files</Filter>
    </None>
    <None Include="qtpropertybrowser\images\cursor-busy.png">
      <Filter>Resource Files</Filter>
    </None>
    <None Include="qtpropertybrowser\images\cursor-closedhand.png">
      <Filter>Resource Files</Filter>
    </None>
    <None Include="qtpropertybrowser\images\cursor-cross.png">
      <Filter>Resource Files</Filter>
    </None>
    <None Include="qtpropertybrowser\images\cursor-forbidden.png">
      <Filter>Resource Files</Filter>
    </None>
    <None Include="qtpropertybrowser\images\cursor-hand.png">
      <Filter>Resource Files</Filter>
    </None>
    <None Include="qtpropertybrowser\images\cursor-hsplit.png">
      <Filter>Resource Files</Filter>
    </None>
    <None Include="qtpropertybrowser\images\cursor-ibeam.png">
      <Filter>Resource Files</Filter>
    </None>
    <None Include="qtpropertybrowser\images\cursor-openhand.png">
      <Filter>Resource Files</Filter>
    </None>
    <None Include="qtpropertybrowser\images\cursor-sizeall.png">
      <Filter>Resource Files</Filter>
    </None>
    <None Include="qtpropertybrowser\images\cursor-sizeb.png">
      <Filter>Resource Files</Filter>
    </None>
    <None Include="qtpropertybrowser\images\cursor-sizef.png">
      <Filter>Resource Files</Filter>
    </None>
    <None Include="qtpropertybrowser\images\cursor-sizeh.png">
      <Filter>Resource Files</Filter>
    </None>
    <None Include="qtpropertybrowser\images\cursor-sizev.png">
      <Filter>Resource Files</Filter>
    </None>
    <None Include="qtpropertybrowser\images\cursor-uparrow.png">
      <Filter>Resource Files</Filter>
    </None>
    <None Include="qtpropertybrowser\images\cursor-vsplit.png">
      <Filter>Resource Files</Filter>
    </None>
    <None Include="qtpropertybrowser\images\cursor-wait.png">
      <Filter>Resource Files</Filter>
    </None>
    <None Include="qtpropertybrowser\images\cursor-whatsthis.png">
      <Filter>Resource Files</Filter>
    </None>
    <CustomBuild Include="qtpropertybrowser\qtpropertybrowser.qrc">
      <Filter>Resource Files</Filter>
    </CustomBuild>
  </ItemGroup>
  <ItemGroup>
    <None Include="orbit_16_32_48_256.ico">
      <Filter>Distribution Files</Filter>
    </None>
    <None Include="qtpropertybrowser\qtpropertybrowser.pri">
      <Filter>Distribution Files</Filter>
    </None>
  </ItemGroup>
  <ItemGroup>
    <ResourceCompile Include="OrbitQt.rc" />
  </ItemGroup>
</Project>