<?xml version="1.0" encoding="utf-8"?>
<Project ToolsVersion="4.0" xmlns="http://schemas.microsoft.com/developer/msbuild/2003">
  <ItemGroup>
    <Filter Include="math">
      <UniqueIdentifier>{80232f69-3fb7-4d3e-82e7-0408ca7649d4}</UniqueIdentifier>
    </Filter>
    <Filter Include="multicore">
      <UniqueIdentifier>{7ca0bb15-9044-4627-9cf6-5fe4a44665f7}</UniqueIdentifier>
    </Filter>
    <Filter Include="pe">
      <UniqueIdentifier>{589daa07-751f-4d5c-adf2-9e5cc98d4ae7}</UniqueIdentifier>
    </Filter>
    <Filter Include="dia">
      <UniqueIdentifier>{4aca01d9-eb22-4c56-bdeb-ae93a6dfe49e}</UniqueIdentifier>
    </Filter>
    <Filter Include="hash">
      <UniqueIdentifier>{8cbae3c8-67f7-4b74-a4d5-9b06908fd7b3}</UniqueIdentifier>
    </Filter>
    <Filter Include="lockless">
      <UniqueIdentifier>{b796c899-1054-45b5-a077-2322a792e17c}</UniqueIdentifier>
    </Filter>
    <Filter Include="Inc">
      <UniqueIdentifier>{88f6b302-f9ed-45e4-b536-f2816c668553}</UniqueIdentifier>
    </Filter>
    <Filter Include="Src">
      <UniqueIdentifier>{f777856e-eae1-481f-a23f-8db3ca25d171}</UniqueIdentifier>
    </Filter>
  </ItemGroup>
  <ItemGroup>
    <ClInclude Include="..\external\gte\GteVector.h">
      <Filter>math</Filter>
    </ClInclude>
    <ClInclude Include="..\external\gte\GteVector2.h">
      <Filter>math</Filter>
    </ClInclude>
    <ClInclude Include="..\external\gte\GteVector3.h">
      <Filter>math</Filter>
    </ClInclude>
    <ClInclude Include="..\external\gte\GteVector4.h">
      <Filter>math</Filter>
    </ClInclude>
    <ClInclude Include="..\external\concurrentqueue\concurrentqueue.h">
      <Filter>lockless</Filter>
    </ClInclude>
    <ClInclude Include="..\external\xxHash-r42\xxhash.h">
      <Filter>hash</Filter>
    </ClInclude>
    <ClInclude Include="..\external\multicore\common\autoresetevent.h">
      <Filter>multicore</Filter>
    </ClInclude>
    <ClInclude Include="..\external\multicore\common\inmemorylogger.h">
      <Filter>multicore</Filter>
    </ClInclude>
    <ClInclude Include="..\external\multicore\common\rwlock.h">
      <Filter>multicore</Filter>
    </ClInclude>
    <ClInclude Include="..\external\multicore\common\sema.h">
      <Filter>multicore</Filter>
    </ClInclude>
    <ClInclude Include="..\external\peparse\nt-headers.h">
      <Filter>pe</Filter>
    </ClInclude>
    <ClInclude Include="..\external\peparse\parse.h">
      <Filter>pe</Filter>
    </ClInclude>
    <ClInclude Include="..\external\peparse\to_string.h">
      <Filter>pe</Filter>
    </ClInclude>
    <ClInclude Include="..\external\DIA2Dump\Callback.h">
      <Filter>dia</Filter>
    </ClInclude>
    <ClInclude Include="..\external\DIA2Dump\dia2dump.h">
      <Filter>dia</Filter>
    </ClInclude>
    <ClInclude Include="..\external\DIA2Dump\PrintSymbol.h">
      <Filter>dia</Filter>
    </ClInclude>
    <ClInclude Include="..\external\DIA2Dump\regs.h">
      <Filter>dia</Filter>
    </ClInclude>
    <ClInclude Include="..\external\websocketpp\websocketpp\sha1\sha1.hpp">
      <Filter>hash</Filter>
    </ClInclude>
    <ClInclude Include="..\external\websocketpp\websocketpp\base64\base64.hpp">
      <Filter>hash</Filter>
    </ClInclude>
    <ClInclude Include="DiaManager.h">
      <Filter>dia</Filter>
    </ClInclude>
    <ClInclude Include="BlockChain.h">
      <Filter>Inc</Filter>
    </ClInclude>
    <ClInclude Include="Callstack.h">
      <Filter>Inc</Filter>
    </ClInclude>
    <ClInclude Include="Capture.h">
      <Filter>Inc</Filter>
    </ClInclude>
    <ClInclude Include="Context.h">
      <Filter>Inc</Filter>
    </ClInclude>
    <ClInclude Include="Core.h">
      <Filter>Inc</Filter>
    </ClInclude>
    <ClInclude Include="CoreApp.h">
      <Filter>Inc</Filter>
    </ClInclude>
    <ClInclude Include="CoreMath.h">
      <Filter>Inc</Filter>
    </ClInclude>
    <ClInclude Include="CrashHandler.h">
      <Filter>Inc</Filter>
    </ClInclude>
    <ClInclude Include="FunctionStats.h">
      <Filter>Inc</Filter>
    </ClInclude>
    <ClInclude Include="Hashing.h">
      <Filter>Inc</Filter>
    </ClInclude>
    <ClInclude Include="Hijacking.h">
      <Filter>Inc</Filter>
    </ClInclude>
    <ClInclude Include="Injection.h">
      <Filter>Inc</Filter>
    </ClInclude>
    <ClInclude Include="Log.h">
      <Filter>Inc</Filter>
    </ClInclude>
    <ClInclude Include="LogInterface.h">
      <Filter>Inc</Filter>
    </ClInclude>
    <ClInclude Include="MemoryTracker.h">
      <Filter>Inc</Filter>
    </ClInclude>
    <ClInclude Include="Message.h">
      <Filter>Inc</Filter>
    </ClInclude>
    <ClInclude Include="MiniDump.h">
      <Filter>Inc</Filter>
    </ClInclude>
    <ClInclude Include="ModuleManager.h">
      <Filter>Inc</Filter>
    </ClInclude>
    <ClInclude Include="OrbitAsio.h">
      <Filter>Inc</Filter>
    </ClInclude>
    <ClInclude Include="OrbitDia.h">
      <Filter>Inc</Filter>
    </ClInclude>
    <ClInclude Include="OrbitDbgHelp.h">
      <Filter>Inc</Filter>
    </ClInclude>
    <ClInclude Include="OrbitLib.h">
      <Filter>Inc</Filter>
    </ClInclude>
    <ClInclude Include="OrbitProcess.h">
      <Filter>Inc</Filter>
    </ClInclude>
    <ClInclude Include="OrbitSession.h">
      <Filter>Inc</Filter>
    </ClInclude>
    <ClInclude Include="OrbitThread.h">
      <Filter>Inc</Filter>
    </ClInclude>
    <ClInclude Include="OrbitType.h">
      <Filter>Inc</Filter>
    </ClInclude>
    <ClInclude Include="OrbitUnreal.h">
      <Filter>Inc</Filter>
    </ClInclude>
    <ClInclude Include="Params.h">
      <Filter>Inc</Filter>
    </ClInclude>
    <ClInclude Include="Path.h">
      <Filter>Inc</Filter>
    </ClInclude>
    <ClInclude Include="Pdb.h">
      <Filter>Inc</Filter>
    </ClInclude>
    <ClInclude Include="PrintVar.h">
      <Filter>Inc</Filter>
    </ClInclude>
    <ClInclude Include="ProcessUtils.h">
      <Filter>Inc</Filter>
    </ClInclude>
    <ClInclude Include="Profiling.h">
      <Filter>Inc</Filter>
    </ClInclude>
    <ClInclude Include="RingBuffer.h">
      <Filter>Inc</Filter>
    </ClInclude>
    <ClInclude Include="SamplingProfiler.h">
      <Filter>Inc</Filter>
    </ClInclude>
    <ClInclude Include="ScopeTimer.h">
      <Filter>Inc</Filter>
    </ClInclude>
    <ClInclude Include="Serialization.h">
      <Filter>Inc</Filter>
    </ClInclude>
    <ClInclude Include="SerializationMacros.h">
      <Filter>Inc</Filter>
    </ClInclude>
    <ClInclude Include="SymbolUtils.h">
      <Filter>Inc</Filter>
    </ClInclude>
    <ClInclude Include="Threading.h">
      <Filter>Inc</Filter>
    </ClInclude>
    <ClInclude Include="TimerManager.h">
      <Filter>Inc</Filter>
    </ClInclude>
    <ClInclude Include="Utils.h">
      <Filter>Inc</Filter>
    </ClInclude>
    <ClInclude Include="TypeInfoStructs.h">
      <Filter>Inc</Filter>
    </ClInclude>
    <ClInclude Include="Variable.h">
      <Filter>Inc</Filter>
    </ClInclude>
    <ClInclude Include="VariableTracing.h">
      <Filter>Inc</Filter>
    </ClInclude>
    <ClInclude Include="Version.h">
      <Filter>Inc</Filter>
    </ClInclude>
    <ClInclude Include="CallstackTypes.h">
      <Filter>Inc</Filter>
    </ClInclude>
    <ClInclude Include="ContextSwitch.h">
      <Filter>Inc</Filter>
    </ClInclude>
    <ClInclude Include="EventBuffer.h">
      <Filter>Inc</Filter>
    </ClInclude>
    <ClInclude Include="EventCallbacks.h">
      <Filter>Inc</Filter>
    </ClInclude>
    <ClInclude Include="EventClasses.h">
      <Filter>Inc</Filter>
    </ClInclude>
    <ClInclude Include="EventGuid.h">
      <Filter>Inc</Filter>
    </ClInclude>
    <ClInclude Include="EventTracer.h">
      <Filter>Inc</Filter>
    </ClInclude>
    <ClInclude Include="EventUtils.h">
      <Filter>Inc</Filter>
    </ClInclude>
    <ClInclude Include="Tcp.h">
      <Filter>Inc</Filter>
    </ClInclude>
    <ClInclude Include="TcpClient.h">
      <Filter>Inc</Filter>
    </ClInclude>
    <ClInclude Include="TcpEntity.h">
      <Filter>Inc</Filter>
    </ClInclude>
    <ClInclude Include="TcpForward.h">
      <Filter>Inc</Filter>
    </ClInclude>
    <ClInclude Include="TcpServer.h">
      <Filter>Inc</Filter>
    </ClInclude>
    <ClInclude Include="BaseTypes.h">
      <Filter>Inc</Filter>
    </ClInclude>
    <ClInclude Include="OrbitFunction.h">
      <Filter>Inc</Filter>
    </ClInclude>
    <ClInclude Include="OrbitModule.h">
      <Filter>Inc</Filter>
    </ClInclude>
    <ClInclude Include="DiaParser.h">
      <Filter>Inc</Filter>
    </ClInclude>
    <ClInclude Include="OrbitRule.h">
      <Filter>Inc</Filter>
    </ClInclude>
    <ClInclude Include="Diff.h">
      <Filter>Inc</Filter>
    </ClInclude>
    <ClInclude Include="ObjectCount.h">
      <Filter>Inc</Filter>
    </ClInclude>
  </ItemGroup>
  <ItemGroup>
    <ClCompile Include="..\external\xxHash-r42\xxhash.c">
      <Filter>hash</Filter>
    </ClCompile>
    <ClCompile Include="..\external\xxHash-r42\xxhsum.c">
      <Filter>hash</Filter>
    </ClCompile>
    <ClCompile Include="..\external\multicore\common\inmemorylogger.cpp">
      <Filter>multicore</Filter>
    </ClCompile>
    <ClCompile Include="..\external\peparse\buffer.cpp">
      <Filter>pe</Filter>
    </ClCompile>
    <ClCompile Include="..\external\peparse\dump.cpp">
      <Filter>pe</Filter>
    </ClCompile>
    <ClCompile Include="..\external\peparse\parse.cpp">
      <Filter>pe</Filter>
    </ClCompile>
    <ClCompile Include="..\external\DIA2Dump\dia2dump.cpp">
      <Filter>dia</Filter>
    </ClCompile>
    <ClCompile Include="..\external\DIA2Dump\PrintSymbol.cpp">
      <Filter>dia</Filter>
    </ClCompile>
    <ClCompile Include="..\external\DIA2Dump\regs.cpp">
      <Filter>dia</Filter>
    </ClCompile>
    <ClCompile Include="DiaManager.cpp">
      <Filter>dia</Filter>
    </ClCompile>
    <ClCompile Include="Callstack.cpp">
      <Filter>Src</Filter>
    </ClCompile>
    <ClCompile Include="Capture.cpp">
      <Filter>Src</Filter>
    </ClCompile>
    <ClCompile Include="Core.cpp">
      <Filter>Src</Filter>
    </ClCompile>
    <ClCompile Include="CoreApp.cpp">
      <Filter>Src</Filter>
    </ClCompile>
    <ClCompile Include="CrashHandler.cpp">
      <Filter>Src</Filter>
    </ClCompile>
    <ClCompile Include="FunctionStats.cpp">
      <Filter>Src</Filter>
    </ClCompile>
    <ClCompile Include="Hijacking.cpp">
      <Filter>Src</Filter>
    </ClCompile>
    <ClCompile Include="Injection.cpp">
      <Filter>Src</Filter>
    </ClCompile>
    <ClCompile Include="Log.cpp">
      <Filter>Src</Filter>
    </ClCompile>
    <ClCompile Include="LogInterface.cpp">
      <Filter>Src</Filter>
    </ClCompile>
    <ClCompile Include="MemoryTracker.cpp">
      <Filter>Src</Filter>
    </ClCompile>
    <ClCompile Include="Message.cpp">
      <Filter>Src</Filter>
    </ClCompile>
    <ClCompile Include="MiniDump.cpp">
      <Filter>Src</Filter>
    </ClCompile>
    <ClCompile Include="ModuleManager.cpp">
      <Filter>Src</Filter>
    </ClCompile>
    <ClCompile Include="OrbitAsio.cpp">
      <Filter>Src</Filter>
    </ClCompile>
    <ClCompile Include="OrbitDia.cpp">
      <Filter>Src</Filter>
    </ClCompile>
    <ClCompile Include="OrbitLib.cpp">
      <Filter>Src</Filter>
    </ClCompile>
    <ClCompile Include="OrbitProcess.cpp">
      <Filter>Src</Filter>
    </ClCompile>
    <ClCompile Include="OrbitSession.cpp">
      <Filter>Src</Filter>
    </ClCompile>
    <ClCompile Include="OrbitThread.cpp">
      <Filter>Src</Filter>
    </ClCompile>
    <ClCompile Include="OrbitType.cpp">
      <Filter>Src</Filter>
    </ClCompile>
    <ClCompile Include="OrbitUnreal.cpp">
      <Filter>Src</Filter>
    </ClCompile>
    <ClCompile Include="Params.cpp">
      <Filter>Src</Filter>
    </ClCompile>
    <ClCompile Include="Path.cpp">
      <Filter>Src</Filter>
    </ClCompile>
    <ClCompile Include="Pdb.cpp">
      <Filter>Src</Filter>
    </ClCompile>
    <ClCompile Include="ProcessUtils.cpp">
      <Filter>Src</Filter>
    </ClCompile>
    <ClCompile Include="SamplingProfiler.cpp">
      <Filter>Src</Filter>
    </ClCompile>
    <ClCompile Include="ScopeTimer.cpp">
      <Filter>Src</Filter>
    </ClCompile>
    <ClCompile Include="SymbolUtils.cpp">
      <Filter>Src</Filter>
    </ClCompile>
    <ClCompile Include="Tcp.cpp">
      <Filter>Src</Filter>
    </ClCompile>
    <ClCompile Include="TcpClient.cpp">
      <Filter>Src</Filter>
    </ClCompile>
    <ClCompile Include="TcpEntity.cpp">
      <Filter>Src</Filter>
    </ClCompile>
    <ClCompile Include="TcpServer.cpp">
      <Filter>Src</Filter>
    </ClCompile>
    <ClCompile Include="TimerManager.cpp">
      <Filter>Src</Filter>
    </ClCompile>
    <ClCompile Include="Utils.cpp">
      <Filter>Src</Filter>
    </ClCompile>
    <ClCompile Include="Variable.cpp">
      <Filter>Src</Filter>
    </ClCompile>
    <ClCompile Include="VariableTracing.cpp">
      <Filter>Src</Filter>
    </ClCompile>
    <ClCompile Include="Version.cpp">
      <Filter>Src</Filter>
    </ClCompile>
    <ClCompile Include="ContextSwitch.cpp">
      <Filter>Src</Filter>
    </ClCompile>
    <ClCompile Include="EventBuffer.cpp">
      <Filter>Src</Filter>
    </ClCompile>
    <ClCompile Include="EventCallbacks.cpp">
      <Filter>Src</Filter>
    </ClCompile>
    <ClCompile Include="EventTracer.cpp">
      <Filter>Src</Filter>
    </ClCompile>
    <ClCompile Include="EventUtils.cpp">
      <Filter>Src</Filter>
    </ClCompile>
    <ClCompile Include="OrbitFunction.cpp">
      <Filter>Src</Filter>
    </ClCompile>
    <ClCompile Include="OrbitModule.cpp">
      <Filter>Src</Filter>
    </ClCompile>
    <ClCompile Include="DiaParser.cpp">
      <Filter>Src</Filter>
    </ClCompile>
    <ClCompile Include="OrbitRule.cpp">
      <Filter>Src</Filter>
    </ClCompile>
    <ClCompile Include="Diff.cpp">
      <Filter>Src</Filter>
    </ClCompile>
    <ClCompile Include="ObjectCount.cpp" />
  </ItemGroup>
  <ItemGroup>
    <None Include="..\external\gte\GteVector.inl">
      <Filter>math</Filter>
    </None>
    <None Include="..\external\gte\GteVector2.inl">
      <Filter>math</Filter>
    </None>
    <None Include="..\external\gte\GteVector3.inl">
      <Filter>math</Filter>
    </None>
    <None Include="..\external\gte\GteVector4.inl">
      <Filter>math</Filter>
    </None>
  </ItemGroup>
</Project>