<?xml version="1.0" encoding="utf-8"?>
<Project ToolsVersion="4.0" xmlns="http://schemas.microsoft.com/developer/msbuild/2003">
  <ItemGroup>
    <Filter Include="imgui">
      <UniqueIdentifier>{25a0655d-dbe0-4c25-b99a-152e5d79ed14}</UniqueIdentifier>
    </Filter>
    <Filter Include="src">
      <UniqueIdentifier>{4FC737F1-C7A5-4376-A066-2A32D752A2FF}</UniqueIdentifier>
      <Extensions>cpp;c;cc;cxx;def;odl;idl;hpj;bat;asm;asmx</Extensions>
    </Filter>
    <Filter Include="inc">
      <UniqueIdentifier>{93995380-89BD-4b04-88EB-625FBE52EBFB}</UniqueIdentifier>
      <Extensions>h;hh;hpp;hxx;hm;inl;inc;xsd</Extensions>
    </Filter>
  </ItemGroup>
  <ItemGroup>
    <ClInclude Include="..\external\imgui\imconfig.h">
      <Filter>imgui</Filter>
    </ClInclude>
    <ClInclude Include="..\external\imgui\imgui.h">
      <Filter>imgui</Filter>
    </ClInclude>
    <ClInclude Include="..\external\imgui\imgui_internal.h">
      <Filter>imgui</Filter>
    </ClInclude>
    <ClInclude Include="..\external\imgui\stb_rect_pack.h">
      <Filter>imgui</Filter>
    </ClInclude>
    <ClInclude Include="..\external\imgui\stb_textedit.h">
      <Filter>imgui</Filter>
    </ClInclude>
    <ClInclude Include="..\external\imgui\stb_truetype.h">
      <Filter>imgui</Filter>
    </ClInclude>
    <ClInclude Include="resource.h">
      <Filter>inc</Filter>
    </ClInclude>
    <ClInclude Include="BlackBoard.h">
      <Filter>inc</Filter>
    </ClInclude>
    <ClInclude Include="CaptureWindow.h">
      <Filter>inc</Filter>
    </ClInclude>
    <ClInclude Include="FunctionDataView.h">
      <Filter>inc</Filter>
    </ClInclude>
    <ClInclude Include="GlCanvas.h">
      <Filter>inc</Filter>
    </ClInclude>
    <ClInclude Include="GlobalDataView.h">
      <Filter>inc</Filter>
    </ClInclude>
    <ClInclude Include="GlPanel.h">
      <Filter>inc</Filter>
    </ClInclude>
    <ClInclude Include="HomeWindow.h">
      <Filter>inc</Filter>
    </ClInclude>
    <ClInclude Include="ImmediateWindow.h">
      <Filter>inc</Filter>
    </ClInclude>
    <ClInclude Include="ModuleDataView.h">
      <Filter>inc</Filter>
    </ClInclude>
    <ClInclude Include="ProcessDataView.h">
      <Filter>inc</Filter>
    </ClInclude>
    <ClInclude Include="SamplingReport.h">
      <Filter>inc</Filter>
    </ClInclude>
    <ClInclude Include="SamplingReportDataView.h">
      <Filter>inc</Filter>
    </ClInclude>
    <ClInclude Include="ThreadDataViewGl.h">
      <Filter>inc</Filter>
    </ClInclude>
    <ClInclude Include="ThreadView.h">
      <Filter>inc</Filter>
    </ClInclude>
    <ClInclude Include="TypeDataView.h">
      <Filter>inc</Filter>
    </ClInclude>
    <ClInclude Include="App.h">
      <Filter>inc</Filter>
    </ClInclude>
    <ClInclude Include="Card.h">
      <Filter>inc</Filter>
    </ClInclude>
    <ClInclude Include="GlUtils.h">
      <Filter>inc</Filter>
    </ClInclude>
    <ClInclude Include="OpenGl.h">
      <Filter>inc</Filter>
    </ClInclude>
    <ClInclude Include="TextBox.h">
      <Filter>inc</Filter>
    </ClInclude>
    <ClInclude Include="TextRenderer.h">
      <Filter>inc</Filter>
    </ClInclude>
    <ClInclude Include="TimeGraph.h">
      <Filter>inc</Filter>
    </ClInclude>
    <ClInclude Include="ImGuiOrbit.h">
      <Filter>inc</Filter>
    </ClInclude>
    <ClInclude Include="LiveFunctionDataView.h">
      <Filter>inc</Filter>
    </ClInclude>
    <ClInclude Include="CallStackDataView.h">
      <Filter>inc</Filter>
    </ClInclude>
    <ClInclude Include="DataViewTypes.h">
      <Filter>inc</Filter>
    </ClInclude>
    <ClInclude Include="SessionsDataView.h">
      <Filter>inc</Filter>
    </ClInclude>
    <ClInclude Include="TimeGraphLayout.h">
      <Filter>inc</Filter>
    </ClInclude>
    <ClInclude Include="PickingManager.h">
      <Filter>inc</Filter>
    </ClInclude>
    <ClInclude Include="EventTrack.h">
      <Filter>inc</Filter>
    </ClInclude>
    <ClInclude Include="Images.h">
      <Filter>inc</Filter>
    </ClInclude>
    <ClInclude Include="Batcher.h">
      <Filter>inc</Filter>
    </ClInclude>
    <ClInclude Include="Geometry.h">
      <Filter>inc</Filter>
    </ClInclude>
    <ClInclude Include="LogDataView.h">
      <Filter>inc</Filter>
    </ClInclude>
    <ClInclude Include="Debugger.h">
      <Filter>inc</Filter>
    </ClInclude>
    <ClInclude Include="CaptureSerializer.h">
      <Filter>inc</Filter>
    </ClInclude>
    <ClInclude Include="Disassembler.h">
      <Filter>inc</Filter>
    </ClInclude>
    <ClInclude Include="PluginManager.h">
      <Filter>inc</Filter>
    </ClInclude>
    <ClInclude Include="PluginCanvas.h">
      <Filter>inc</Filter>
    </ClInclude>
    <ClInclude Include="RuleEditor.h">
      <Filter>inc</Filter>
    </ClInclude>
    <ClInclude Include="GlSlider.h">
      <Filter>inc</Filter>
    </ClInclude>
    <ClInclude Include="DataView.h">
      <Filter>inc</Filter>
    </ClInclude>
  </ItemGroup>
  <ItemGroup>
    <ClCompile Include="..\external\imgui\imgui.cpp">
      <Filter>imgui</Filter>
    </ClCompile>
    <ClCompile Include="..\external\imgui\imgui_demo.cpp">
      <Filter>imgui</Filter>
    </ClCompile>
    <ClCompile Include="..\external\imgui\imgui_draw.cpp">
      <Filter>imgui</Filter>
    </ClCompile>
    <ClCompile Include="BlackBoard.cpp">
      <Filter>src</Filter>
    </ClCompile>
    <ClCompile Include="CaptureWindow.cpp">
      <Filter>src</Filter>
    </ClCompile>
    <ClCompile Include="Card.cpp">
      <Filter>src</Filter>
    </ClCompile>
    <ClCompile Include="FunctionDataView.cpp">
      <Filter>src</Filter>
    </ClCompile>
    <ClCompile Include="GlCanvas.cpp">
      <Filter>src</Filter>
    </ClCompile>
    <ClCompile Include="GlobalDataView.cpp">
      <Filter>src</Filter>
    </ClCompile>
    <ClCompile Include="GlUtils.cpp">
      <Filter>src</Filter>
    </ClCompile>
    <ClCompile Include="HomeWindow.cpp">
      <Filter>src</Filter>
    </ClCompile>
    <ClCompile Include="ImmediateWindow.cpp">
      <Filter>src</Filter>
    </ClCompile>
    <ClCompile Include="ModuleDataView.cpp">
      <Filter>src</Filter>
    </ClCompile>
    <ClCompile Include="ProcessDataView.cpp">
      <Filter>src</Filter>
    </ClCompile>
    <ClCompile Include="SamplingReport.cpp">
      <Filter>src</Filter>
    </ClCompile>
    <ClCompile Include="SamplingReportDataView.cpp">
      <Filter>src</Filter>
    </ClCompile>
    <ClCompile Include="TextBox.cpp">
      <Filter>src</Filter>
    </ClCompile>
    <ClCompile Include="TextRenderer.cpp">
      <Filter>src</Filter>
    </ClCompile>
    <ClCompile Include="GlPanel.cpp">
      <Filter>src</Filter>
    </ClCompile>
    <ClCompile Include="ThreadDataViewGl.cpp">
      <Filter>src</Filter>
    </ClCompile>
    <ClCompile Include="ThreadView.cpp">
      <Filter>src</Filter>
    </ClCompile>
    <ClCompile Include="TimeGraph.cpp">
      <Filter>src</Filter>
    </ClCompile>
    <ClCompile Include="TypeDataView.cpp">
      <Filter>src</Filter>
    </ClCompile>
    <ClCompile Include="App.cpp">
      <Filter>src</Filter>
    </ClCompile>
    <ClCompile Include="ImGuiOrbit.cpp">
      <Filter>src</Filter>
    </ClCompile>
    <ClCompile Include="LiveFunctionDataView.cpp">
      <Filter>src</Filter>
    </ClCompile>
    <ClCompile Include="CallStackDataView.cpp">
      <Filter>src</Filter>
    </ClCompile>
    <ClCompile Include="SessionsDataView.cpp">
      <Filter>src</Filter>
    </ClCompile>
    <ClCompile Include="TimeGraphLayout.cpp">
      <Filter>src</Filter>
    </ClCompile>
    <ClCompile Include="PickingManager.cpp">
      <Filter>src</Filter>
    </ClCompile>
    <ClCompile Include="EventTrack.cpp">
      <Filter>src</Filter>
    </ClCompile>
    <ClCompile Include="Batcher.cpp">
      <Filter>src</Filter>
    </ClCompile>
    <ClCompile Include="..\external\freetype-gl\mat4.c">
      <Filter>src</Filter>
    </ClCompile>
    <ClCompile Include="..\external\freetype-gl\shader.c">
      <Filter>src</Filter>
    </ClCompile>
    <ClCompile Include="LogDataView.cpp">
      <Filter>src</Filter>
    </ClCompile>
    <ClCompile Include="Debugger.cpp">
      <Filter>src</Filter>
    </ClCompile>
    <ClCompile Include="CaptureSerializer.cpp">
      <Filter>src</Filter>
    </ClCompile>
    <ClCompile Include="Disassembler.cpp">
      <Filter>src</Filter>
    </ClCompile>
    <ClCompile Include="PluginManager.cpp">
      <Filter>src</Filter>
    </ClCompile>
    <ClCompile Include="PluginCanvas.cpp">
      <Filter>src</Filter>
    </ClCompile>
    <ClCompile Include="RuleEditor.cpp">
      <Filter>src</Filter>
    </ClCompile>
    <ClCompile Include="GlSlider.cpp">
      <Filter>src</Filter>
    </ClCompile>
    <ClCompile Include="DataView.cpp">
      <Filter>src</Filter>
    </ClCompile>
  </ItemGroup>
</Project>